
Microsoft Visual Studio Solution File, Format Version 12.00
# Visual Studio Version 16
VisualStudioVersion = 16.0.29215.179
MinimumVisualStudioVersion = 10.0.40219.1
Project("{FAE04EC0-301F-11D3-BF4B-00C04F79EFBC}") = "Covid19-Tracker", "Covid19-Tracker.csproj", "{3E6ED803-7F42-4B7D-BFE5-D7BBDBD3B340}"
EndProject
Global
	GlobalSection(SolutionConfigurationPlatforms) = preSolution
		Debug|Any CPU = Debug|Any CPU
		Release|Any CPU = Release|Any CPU
	EndGlobalSection
	GlobalSection(ProjectConfigurationPlatforms) = postSolution
		{3E6ED803-7F42-4B7D-BFE5-D7BBDBD3B340}.Debug|Any CPU.ActiveCfg = Debug|Any CPU
		{3E6ED803-7F42-4B7D-BFE5-D7BBDBD3B340}.Debug|Any CPU.Build.0 = Debug|Any CPU
		{3E6ED803-7F42-4B7D-BFE5-D7BBDBD3B340}.Release|Any CPU.ActiveCfg = Release|Any CPU
		{3E6ED803-7F42-4B7D-BFE5-D7BBDBD3B340}.Release|Any CPU.Build.0 = Release|Any CPU
	EndGlobalSection
	GlobalSection(SolutionProperties) = preSolution
		HideSolutionNode = FALSE
	EndGlobalSection
	GlobalSection(ExtensibilityGlobals) = postSolution
		SolutionGuid = {CD5DBDCC-0192-4982-95DC-780BA5A7A668}
	EndGlobalSection
EndGlobal
